{
  "version": 4,
  "terraform_version": "1.2.6",
  "serial": 25,
  "lineage": "ea47d5f2-4a37-c9ba-6f9d-c6e639fac713",
  "outputs": {
    "c2_security_group_output": {
      "value": [
        "sg-0b322be6568606757",
        "arn:aws:ec2:us-east-1:086534668924:security-group/sg-0b322be6568606757",
        "086534668924"
      ],
      "type": [
        "tuple",
        [
          "string",
          "string",
          "string"
        ]
      ]
    },
    "iam_policy_outputs": {
      "value": [
        "arn:aws:iam::086534668924:policy/target-policy",
        "arn:aws:iam::086534668924:policy/redirector-policy",
        "arn:aws:iam::086534668924:policy/c2-policy"
      ],
      "type": [
        "tuple",
        [
          "string",
          "string",
          "string"
        ]
      ]
    },
    "iam_role_outputs": {
      "value": [
        "target-iam-role",
        "redirector-iam-role",
        "c2-iam-role"
      ],
      "type": [
        "tuple",
        [
          "string",
          "string",
          "string"
        ]
      ]
    },
    "iam_role_profiles": {
      "value": [
        "target-iam-role-profile",
        "redirector-iam-role-profile",
        "c2-iam-role-profile"
      ],
      "type": [
        "tuple",
        [
          "string",
          "string",
          "string"
        ]
      ]
    },
    "shared_target-redirector_output": {
      "value": [
        "sg-00576da9e7739a711",
        "arn:aws:ec2:us-east-1:086534668924:security-group/sg-00576da9e7739a711",
        "086534668924"
      ],
      "type": [
        "tuple",
        [
          "string",
          "string",
          "string"
        ]
      ]
    }
  },
  "resources": [
    {
      "mode": "data",
      "type": "aws_iam_policy_document",
      "name": "iam_document",
      "provider": "provider[\"registry.terraform.io/hashicorp/aws\"]",
      "instances": [
        {
          "schema_version": 0,
          "attributes": {
            "id": "1903849331",
            "json": "{\n  \"Version\": \"2012-10-17\",\n  \"Statement\": [\n    {\n      \"Sid\": \"\",\n      \"Effect\": \"Allow\",\n      \"Action\": \"sts:AssumeRole\",\n      \"Principal\": {\n        \"Service\": \"ec2.amazonaws.com\"\n      }\n    }\n  ]\n}",
            "override_json": null,
            "override_policy_documents": null,
            "policy_id": null,
            "source_json": null,
            "source_policy_documents": null,
            "statement": [
              {
                "actions": [
                  "sts:AssumeRole"
                ],
                "condition": [],
                "effect": "Allow",
                "not_actions": [],
                "not_principals": [],
                "not_resources": [],
                "principals": [
                  {
                    "identifiers": [
                      "ec2.amazonaws.com"
                    ],
                    "type": "Service"
                  }
                ],
                "resources": [],
                "sid": ""
              }
            ],
            "version": "2012-10-17"
          },
          "sensitive_attributes": []
        }
      ]
    },
    {
      "mode": "managed",
      "type": "aws_iam_instance_profile",
      "name": "c2_iam_role_profile",
      "provider": "provider[\"registry.terraform.io/hashicorp/aws\"]",
      "instances": [
        {
          "schema_version": 0,
          "attributes": {
            "arn": "arn:aws:iam::086534668924:instance-profile/c2-iam-role-profile",
            "create_date": "2022-09-19T19:48:54Z",
            "id": "c2-iam-role-profile",
            "name": "c2-iam-role-profile",
            "name_prefix": null,
            "path": "/",
            "role": "c2-iam-role",
            "tags": {},
            "tags_all": {},
            "unique_id": "AIPARIJO6IJ6EL56BOJXO"
          },
          "sensitive_attributes": [],
          "private": "bnVsbA==",
          "dependencies": [
            "aws_iam_policy.c2_iam_policy",
            "aws_iam_role.c2_iam_role",
            "data.aws_iam_policy_document.iam_document"
          ]
        }
      ]
    },
    {
      "mode": "managed",
      "type": "aws_iam_instance_profile",
      "name": "redirector_iam_role_profile",
      "provider": "provider[\"registry.terraform.io/hashicorp/aws\"]",
      "instances": [
        {
          "schema_version": 0,
          "attributes": {
            "arn": "arn:aws:iam::086534668924:instance-profile/redirector-iam-role-profile",
            "create_date": "2022-09-19T19:48:54Z",
            "id": "redirector-iam-role-profile",
            "name": "redirector-iam-role-profile",
            "name_prefix": null,
            "path": "/",
            "role": "redirector-iam-role",
            "tags": {},
            "tags_all": {},
            "unique_id": "AIPARIJO6IJ6AYI6DWT7Y"
          },
          "sensitive_attributes": [],
          "private": "bnVsbA==",
          "dependencies": [
            "aws_iam_policy.redirector_iam_policy",
            "aws_iam_role.redirector_iam_role",
            "data.aws_iam_policy_document.iam_document"
          ]
        }
      ]
    },
    {
      "mode": "managed",
      "type": "aws_iam_instance_profile",
      "name": "target_iam_role_profile",
      "provider": "provider[\"registry.terraform.io/hashicorp/aws\"]",
      "instances": [
        {
          "schema_version": 0,
          "attributes": {
            "arn": "arn:aws:iam::086534668924:instance-profile/target-iam-role-profile",
            "create_date": "2022-09-19T20:01:04Z",
            "id": "target-iam-role-profile",
            "name": "target-iam-role-profile",
            "name_prefix": null,
            "path": "/",
            "role": "target-iam-role",
            "tags": {},
            "tags_all": {},
            "unique_id": "AIPARIJO6IJ6DNKX3O677"
          },
          "sensitive_attributes": [],
          "private": "bnVsbA==",
          "dependencies": [
            "aws_iam_policy.target_iam_policy",
            "aws_iam_role.target_iam_role",
            "data.aws_iam_policy_document.iam_document"
          ]
        }
      ]
    },
    {
      "mode": "managed",
      "type": "aws_iam_policy",
      "name": "c2_iam_policy",
      "provider": "provider[\"registry.terraform.io/hashicorp/aws\"]",
      "instances": [
        {
          "schema_version": 0,
          "attributes": {
            "arn": "arn:aws:iam::086534668924:policy/c2-policy",
            "description": "",
            "id": "arn:aws:iam::086534668924:policy/c2-policy",
            "name": "c2-policy",
            "name_prefix": null,
            "path": "/",
            "policy": "{\"Statement\":[{\"Action\":[\"ec2:*\"],\"Effect\":\"Allow\",\"Resource\":\"arn:aws:ec2:*:086534668924:instance/*\"}],\"Version\":\"2012-10-17\"}",
            "policy_id": "ANPARIJO6IJ6K2SLAJFIJ",
            "tags": {},
            "tags_all": {}
          },
          "sensitive_attributes": [],
          "private": "bnVsbA=="
        }
      ]
    },
    {
      "mode": "managed",
      "type": "aws_iam_policy",
      "name": "redirector_iam_policy",
      "provider": "provider[\"registry.terraform.io/hashicorp/aws\"]",
      "instances": [
        {
          "schema_version": 0,
          "attributes": {
            "arn": "arn:aws:iam::086534668924:policy/redirector-policy",
            "description": "",
            "id": "arn:aws:iam::086534668924:policy/redirector-policy",
            "name": "redirector-policy",
            "name_prefix": null,
            "path": "/",
            "policy": "{\"Statement\":[{\"Action\":[\"ec2:*\"],\"Effect\":\"Allow\",\"Resource\":\"arn:aws:ec2:*:086534668924:instance/*\"}],\"Version\":\"2012-10-17\"}",
            "policy_id": "ANPARIJO6IJ6JFZFRFMMS",
            "tags": {},
            "tags_all": {}
          },
          "sensitive_attributes": [],
          "private": "bnVsbA=="
        }
      ]
    },
    {
      "mode": "managed",
      "type": "aws_iam_policy",
      "name": "target_iam_policy",
      "provider": "provider[\"registry.terraform.io/hashicorp/aws\"]",
      "instances": [
        {
          "schema_version": 0,
          "attributes": {
            "arn": "arn:aws:iam::086534668924:policy/target-policy",
            "description": "",
            "id": "arn:aws:iam::086534668924:policy/target-policy",
            "name": "target-policy",
            "name_prefix": null,
            "path": "/",
            "policy": "{\"Statement\":[{\"Action\":[\"s3:Get*\",\"s3:List*\",\"s3-object-lambda:Get*\",\"s3-object-lambda:List*\"],\"Effect\":\"Allow\",\"Resource\":\"*\"}],\"Version\":\"2012-10-17\"}",
            "policy_id": "ANPARIJO6IJ6K66XTTTYZ",
            "tags": {},
            "tags_all": {}
          },
          "sensitive_attributes": [],
          "private": "bnVsbA=="
        }
      ]
    },
    {
      "mode": "managed",
      "type": "aws_iam_role",
      "name": "c2_iam_role",
      "provider": "provider[\"registry.terraform.io/hashicorp/aws\"]",
      "instances": [
        {
          "schema_version": 0,
          "attributes": {
            "arn": "arn:aws:iam::086534668924:role/c2-iam-role",
            "assume_role_policy": "{\"Statement\":[{\"Action\":\"sts:AssumeRole\",\"Effect\":\"Allow\",\"Principal\":{\"Service\":\"ec2.amazonaws.com\"},\"Sid\":\"\"}],\"Version\":\"2012-10-17\"}",
            "create_date": "2022-09-19T19:48:54Z",
            "description": "",
            "force_detach_policies": false,
            "id": "c2-iam-role",
            "inline_policy": [],
            "managed_policy_arns": [
              "arn:aws:iam::086534668924:policy/c2-policy"
            ],
            "max_session_duration": 3600,
            "name": "c2-iam-role",
            "name_prefix": "",
            "path": "/",
            "permissions_boundary": null,
            "tags": {},
            "tags_all": {},
            "unique_id": "AROARIJO6IJ6FBQLFTPS6"
          },
          "sensitive_attributes": [],
          "private": "bnVsbA==",
          "dependencies": [
            "aws_iam_policy.c2_iam_policy",
            "data.aws_iam_policy_document.iam_document"
          ]
        }
      ]
    },
    {
      "mode": "managed",
      "type": "aws_iam_role",
      "name": "redirector_iam_role",
      "provider": "provider[\"registry.terraform.io/hashicorp/aws\"]",
      "instances": [
        {
          "schema_version": 0,
          "attributes": {
            "arn": "arn:aws:iam::086534668924:role/redirector-iam-role",
            "assume_role_policy": "{\"Statement\":[{\"Action\":\"sts:AssumeRole\",\"Effect\":\"Allow\",\"Principal\":{\"Service\":\"ec2.amazonaws.com\"},\"Sid\":\"\"}],\"Version\":\"2012-10-17\"}",
            "create_date": "2022-09-19T19:48:54Z",
            "description": "",
            "force_detach_policies": false,
            "id": "redirector-iam-role",
            "inline_policy": [],
            "managed_policy_arns": [
              "arn:aws:iam::086534668924:policy/redirector-policy"
            ],
            "max_session_duration": 3600,
            "name": "redirector-iam-role",
            "name_prefix": "",
            "path": "/",
            "permissions_boundary": null,
            "tags": {},
            "tags_all": {},
            "unique_id": "AROARIJO6IJ6ATN3WJZYS"
          },
          "sensitive_attributes": [],
          "private": "bnVsbA==",
          "dependencies": [
            "aws_iam_policy.redirector_iam_policy",
            "data.aws_iam_policy_document.iam_document"
          ]
        }
      ]
    },
    {
      "mode": "managed",
      "type": "aws_iam_role",
      "name": "target_iam_role",
      "provider": "provider[\"registry.terraform.io/hashicorp/aws\"]",
      "instances": [
        {
          "schema_version": 0,
          "attributes": {
            "arn": "arn:aws:iam::086534668924:role/target-iam-role",
            "assume_role_policy": "{\"Statement\":[{\"Action\":\"sts:AssumeRole\",\"Effect\":\"Allow\",\"Principal\":{\"Service\":\"ec2.amazonaws.com\"},\"Sid\":\"\"}],\"Version\":\"2012-10-17\"}",
            "create_date": "2022-09-19T20:01:03Z",
            "description": "",
            "force_detach_policies": false,
            "id": "target-iam-role",
            "inline_policy": [],
            "managed_policy_arns": [
              "arn:aws:iam::086534668924:policy/target-policy"
            ],
            "max_session_duration": 3600,
            "name": "target-iam-role",
            "name_prefix": "",
            "path": "/",
            "permissions_boundary": null,
            "tags": {},
            "tags_all": {},
            "unique_id": "AROARIJO6IJ6JW2NE6RVB"
          },
          "sensitive_attributes": [],
          "private": "bnVsbA==",
          "dependencies": [
            "aws_iam_policy.target_iam_policy",
            "data.aws_iam_policy_document.iam_document"
          ]
        }
      ]
    },
    {
      "mode": "managed",
      "type": "aws_security_group",
      "name": "c2_security_group",
      "provider": "provider[\"registry.terraform.io/hashicorp/aws\"]",
      "instances": [
        {
          "schema_version": 1,
          "attributes": {
            "arn": "arn:aws:ec2:us-east-1:086534668924:security-group/sg-0b322be6568606757",
            "description": "This security group is for the target and redirector EC2 Instances",
            "egress": [
              {
                "cidr_blocks": [
                  "100.16.247.63/32"
                ],
                "description": "",
                "from_port": 0,
                "ipv6_cidr_blocks": [],
                "prefix_list_ids": [],
                "protocol": "-1",
                "security_groups": [],
                "self": false,
                "to_port": 0
              }
            ],
            "id": "sg-0b322be6568606757",
            "ingress": [
              {
                "cidr_blocks": [
                  "100.16.247.63/32"
                ],
                "description": "",
                "from_port": 22,
                "ipv6_cidr_blocks": [],
                "prefix_list_ids": [],
                "protocol": "tcp",
                "security_groups": [],
                "self": false,
                "to_port": 22
              },
              {
                "cidr_blocks": [
                  "100.16.247.63/32"
                ],
                "description": "",
                "from_port": 443,
                "ipv6_cidr_blocks": [],
                "prefix_list_ids": [],
                "protocol": "tcp",
                "security_groups": [],
                "self": false,
                "to_port": 443
              }
            ],
            "name": "c2-security-group",
            "name_prefix": "",
            "owner_id": "086534668924",
            "revoke_rules_on_delete": false,
            "tags": {},
            "tags_all": {},
            "timeouts": null,
            "vpc_id": "vpc-0dc0fbdf6e020ba2c"
          },
          "sensitive_attributes": [],
          "private": "eyJlMmJmYjczMC1lY2FhLTExZTYtOGY4OC0zNDM2M2JjN2M0YzAiOnsiY3JlYXRlIjo2MDAwMDAwMDAwMDAsImRlbGV0ZSI6OTAwMDAwMDAwMDAwfSwic2NoZW1hX3ZlcnNpb24iOiIxIn0="
        }
      ]
    },
    {
      "mode": "managed",
      "type": "aws_security_group",
      "name": "shared_target-redirector_security_group",
      "provider": "provider[\"registry.terraform.io/hashicorp/aws\"]",
      "instances": [
        {
          "schema_version": 1,
          "attributes": {
            "arn": "arn:aws:ec2:us-east-1:086534668924:security-group/sg-00576da9e7739a711",
            "description": "This security group is for the target and redirector EC2 Instances",
            "egress": [
              {
                "cidr_blocks": [
                  "0.0.0.0/0"
                ],
                "description": "",
                "from_port": 0,
                "ipv6_cidr_blocks": [],
                "prefix_list_ids": [],
                "protocol": "-1",
                "security_groups": [],
                "self": false,
                "to_port": 0
              }
            ],
            "id": "sg-00576da9e7739a711",
            "ingress": [
              {
                "cidr_blocks": [
                  "0.0.0.0/0"
                ],
                "description": "",
                "from_port": 22,
                "ipv6_cidr_blocks": [],
                "prefix_list_ids": [],
                "protocol": "tcp",
                "security_groups": [],
                "self": false,
                "to_port": 22
              },
              {
                "cidr_blocks": [
                  "0.0.0.0/0"
                ],
                "description": "",
                "from_port": 80,
                "ipv6_cidr_blocks": [],
                "prefix_list_ids": [],
                "protocol": "tcp",
                "security_groups": [],
                "self": false,
                "to_port": 80
              }
            ],
            "name": "shared-target-redirector-security-group",
            "name_prefix": "",
            "owner_id": "086534668924",
            "revoke_rules_on_delete": false,
            "tags": {},
            "tags_all": {},
            "timeouts": null,
            "vpc_id": "vpc-0dc0fbdf6e020ba2c"
          },
          "sensitive_attributes": [],
          "private": "eyJlMmJmYjczMC1lY2FhLTExZTYtOGY4OC0zNDM2M2JjN2M0YzAiOnsiY3JlYXRlIjo2MDAwMDAwMDAwMDAsImRlbGV0ZSI6OTAwMDAwMDAwMDAwfSwic2NoZW1hX3ZlcnNpb24iOiIxIn0="
        }
      ]
    }
  ]
}
